
Microsoft Visual Studio Solution File, Format Version 12.00
# Visual Studio Version 16
VisualStudioVersion = 16.0.29009.5
MinimumVisualStudioVersion = 10.0.40219.1
Project("{9A19103F-16F7-4668-BE54-9A1E7A4F7556}") = "RabbitMQ.Context", "RabbitMQ.Context\RabbitMQ.Context.csproj", "{F55C96FB-E38D-4E7B-9AD4-C1347E007822}"
EndProject
Project("{FAE04EC0-301F-11D3-BF4B-00C04F79EFBC}") = "RabbitMq.Context.Tests", "..\RabbitMq.Context.Tests\RabbitMq.Context.Tests.csproj", "{A2B5EDBF-F923-4E64-8CEB-9A580DBD7952}"
EndProject
Global
	GlobalSection(SolutionConfigurationPlatforms) = preSolution
		Debug|Any CPU = Debug|Any CPU
		Release|Any CPU = Release|Any CPU
	EndGlobalSection
	GlobalSection(ProjectConfigurationPlatforms) = postSolution
		{F55C96FB-E38D-4E7B-9AD4-C1347E007822}.Debug|Any CPU.ActiveCfg = Debug|Any CPU
		{F55C96FB-E38D-4E7B-9AD4-C1347E007822}.Debug|Any CPU.Build.0 = Debug|Any CPU
		{F55C96FB-E38D-4E7B-9AD4-C1347E007822}.Release|Any CPU.ActiveCfg = Release|Any CPU
		{F55C96FB-E38D-4E7B-9AD4-C1347E007822}.Release|Any CPU.Build.0 = Release|Any CPU
		{A2B5EDBF-F923-4E64-8CEB-9A580DBD7952}.Debug|Any CPU.ActiveCfg = Debug|Any CPU
		{A2B5EDBF-F923-4E64-8CEB-9A580DBD7952}.Debug|Any CPU.Build.0 = Debug|Any CPU
		{A2B5EDBF-F923-4E64-8CEB-9A580DBD7952}.Release|Any CPU.ActiveCfg = Release|Any CPU
		{A2B5EDBF-F923-4E64-8CEB-9A580DBD7952}.Release|Any CPU.Build.0 = Release|Any CPU
	EndGlobalSection
	GlobalSection(SolutionProperties) = preSolution
		HideSolutionNode = FALSE
	EndGlobalSection
	GlobalSection(ExtensibilityGlobals) = postSolution
		SolutionGuid = {48C33037-F4DA-4ED3-A00A-4BF0052E6C53}
	EndGlobalSection
EndGlobal
